PODS:
  - DJI-SDK-iOS (4.15.1)
  - DronelinkCore (2.5.0)

DEPENDENCIES:
  - DJI-SDK-iOS (~> 4.15)
  - DronelinkCore (~> 2.5.0)

SPEC REPOS:
  trunk:
    - DJI-SDK-iOS
    - DronelinkCore

SPEC CHECKSUMS:
  DJI-SDK-iOS: f145618ee7727c4ef579b7293e5f805198463446
  DronelinkCore: 85c4ee2a86d45f100322641b253ed6a2dc0e05c4

PODFILE CHECKSUM: 222907d7341eb9e98081ff8aa8eab14f2a36e3dc

COCOAPODS: 1.10.2
